
Microsoft Visual Studio Solution File, Format Version 12.00
# Visual Studio Version 16
VisualStudioVersion = 16.0.30804.86
MinimumVisualStudioVersion = 10.0.40219.1
Project("{FAE04EC0-301F-11D3-BF4B-00C04F79EFBC}") = "wcfExcel", "wcfExel\wcfExcel.csproj", "{0BCE8D93-ADDA-4331-825C-5E9E75F0C3BE}"
EndProject
Global
	GlobalSection(SolutionConfigurationPlatforms) = preSolution
		Debug|Any CPU = Debug|Any CPU
		Release|Any CPU = Release|Any CPU
	EndGlobalSection
	GlobalSection(ProjectConfigurationPlatforms) = postSolution
		{0BCE8D93-ADDA-4331-825C-5E9E75F0C3BE}.Debug|Any CPU.ActiveCfg = Debug|Any CPU
		{0BCE8D93-ADDA-4331-825C-5E9E75F0C3BE}.Debug|Any CPU.Build.0 = Debug|Any CPU
		{0BCE8D93-ADDA-4331-825C-5E9E75F0C3BE}.Release|Any CPU.ActiveCfg = Release|Any CPU
		{0BCE8D93-ADDA-4331-825C-5E9E75F0C3BE}.Release|Any CPU.Build.0 = Release|Any CPU
	EndGlobalSection
	GlobalSection(SolutionProperties) = preSolution
		HideSolutionNode = FALSE
	EndGlobalSection
	GlobalSection(ExtensibilityGlobals) = postSolution
		SolutionGuid = {3B2932BE-78A9-47D7-9425-DCDC6E0A9AE1}
	EndGlobalSection
EndGlobal
